// !$*UTF8*$!
{
	archiveVersion = 1;
	classes = {
	};
	objectVersion = 46;
	objects = {

/* Begin PBXBuildFile section */
		AF2B686B1EC2919C004AB153 /* AppDelegate.swift in Sources */ = {isa = PBXBuildFile; fileRef = AF2B686A1EC2919C004AB153 /* AppDelegate.swift */; };
		AF2B686D1EC2919C004AB153 /* ViewController.swift in Sources */ = {isa = PBXBuildFile; fileRef = AF2B686C1EC2919C004AB153 /* ViewController.swift */; };
		AF2B68701EC2919C004AB153 /* Main.storyboard in Resources */ = {isa = PBXBuildFile; fileRef = AF2B686E1EC2919C004AB153 /* Main.storyboard */; };
		AF2B68721EC2919C004AB153 /* Assets.xcassets in Resources */ = {isa = PBXBuildFile; fileRef = AF2B68711EC2919C004AB153 /* Assets.xcassets */; };
		AF2B68751EC2919C004AB153 /* LaunchScreen.storyboard in Resources */ = {isa = PBXBuildFile; fileRef = AF2B68731EC2919C004AB153 /* LaunchScreen.storyboard */; };
		AF2B68801EC2919D004AB153 /* tipsterTests.swift in Sources */ = {isa = PBXBuildFile; fileRef = AF2B687F1EC2919D004AB153 /* tipsterTests.swift */; };
		AF2B688B1EC2919D004AB153 /* tipsterUITests.swift in Sources */ = {isa = PBXBuildFile; fileRef = AF2B688A1EC2919D004AB153 /* tipsterUITests.swift */; };
/* End PBXBuildFile section */

/* Begin PBXContainerItemProxy section */
		AF2B687C1EC2919D004AB153 /* PBXContainerItemProxy */ = {
			isa = PBXContainerItemProxy;
			containerPortal = AF2B685F1EC2919C004AB153 /* Project object */;
			proxyType = 1;
			remoteGlobalIDString = AF2B68661EC2919C004AB153;
			remoteInfo = tipster;
		};
		AF2B68871EC2919D004AB153 /* PBXContainerItemProxy */ = {
			isa = PBXContainerItemProxy;
			containerPortal = AF2B685F1EC2919C004AB153 /* Project object */;
			proxyType = 1;
			remoteGlobalIDString = AF2B68661EC2919C004AB153;
			remoteInfo = tipster;
		};
/* End PBXContainerItemProxy section */

/* Begin PBXFileReference section */
		AF2B68671EC2919C004AB153 /* tipster.app */ = {isa = PBXFileReference; explicitFileType = wrapper.application; includeInIndex = 0; path = tipster.app; sourceTree = BUILT_PRODUCTS_DIR; };
		AF2B686A1EC2919C004AB153 /* AppDelegate.swift */ = {isa = PBXFileReference; lastKnownFileType = sourcecode.swift; path = AppDelegate.swift; sourceTree = "<group>"; };
		AF2B686C1EC2919C004AB153 /* ViewController.swift */ = {isa = PBXFileReference; lastKnownFileType = sourcecode.swift; path = ViewController.swift; sourceTree = "<group>"; };
		AF2B686F1EC2919C004AB153 /* Base */ = {isa = PBXFileReference; lastKnownFileType = file.storyboard; name = Base; path = Base.lproj/Main.storyboard; sourceTree = "<group>"; };
		AF2B68711EC2919C004AB153 /* Assets.xcassets */ = {isa = PBXFileReference; lastKnownFileType = folder.assetcatalog; path = Assets.xcassets; sourceTree = "<group>"; };
		AF2B68741EC2919C004AB153 /* Base */ = {isa = PBXFileReference; lastKnownFileType = file.storyboard; name = Base; path = Base.lproj/LaunchScreen.storyboard; sourceTree = "<group>"; };
		AF2B68761EC2919C004AB153 /* Info.plist */ = {isa = PBXFileReference; lastKnownFileType = text.plist.xml; path = Info.plist; sourceTree = "<group>"; };
		AF2B687B1EC2919D004AB153 /* tipsterTests.xctest */ = {isa = PBXFileReference; explicitFileType = wrapper.cfbundle; includeInIndex = 0; path = tipsterTests.xctest; sourceTree = BUILT_PRODUCTS_DIR; };
		AF2B687F1EC2919D004AB153 /* tipsterTests.swift */ = {isa = PBXFileReference; lastKnownFileType = sourcecode.swift; path = tipsterTests.swift; sourceTree = "<group>"; };
		AF2B68811EC2919D004AB153 /* Info.plist */ = {isa = PBXFileReference; lastKnownFileType = text.plist.xml; path = Info.plist; sourceTree = "<group>"; };
		AF2B68861EC2919D004AB153 /* tipsterUITests.xctest */ = {isa = PBXFileReference; explicitFileType = wrapper.cfbundle; includeInIndex = 0; path = tipsterUITests.xctest; sourceTree = BUILT_PRODUCTS_DIR; };
		AF2B688A1EC2919D004AB153 /* tipsterUITests.swift */ = {isa = PBXFileReference; lastKnownFileType = sourcecode.swift; path = tipsterUITests.swift; sourceTree = "<group>"; };
		AF2B688C1EC2919D004AB153 /* Info.plist */ = {isa = PBXFileReference; lastKnownFileType = text.plist.xml; path = Info.plist; sourceTree = "<group>"; };
/* End PBXFileReference section */

/* Begin PBXFrameworksBuildPhase section */
		AF2B68641EC2919C004AB153 /* Frameworks */ = {
			isa = PBXFrameworksBuildPhase;
			buildActionMask = 2147483647;
			files = (
			);
			runOnlyForDeploymentPostprocessing = 0;
		};
		AF2B68781EC2919D004AB153 /* Frameworks */ = {
			isa = PBXFrameworksBuildPhase;
			buildActionMask = 2147483647;
			files = (
			);
			runOnlyForDeploymentPostprocessing = 0;
		};
		AF2B68831EC2919D004AB153 /* Frameworks */ = {
			isa = PBXFrameworksBuildPhase;
			buildActionMask = 2147483647;
			files = (
			);
			runOnlyForDeploymentPostprocessing = 0;
		};
/* End PBXFrameworksBuildPhase section */

/* Begin PBXGroup section */
		AF2B685E1EC2919C004AB153 = {
			isa = PBXGroup;
			children = (
				AF2B68691EC2919C004AB153 /* tipster */,
				AF2B687E1EC2919D004AB153 /* tipsterTests */,
				AF2B68891EC2919D004AB153 /* tipsterUITests */,
				AF2B68681EC2919C004AB153 /* Products */,
			);
			sourceTree = "<group>";
		};
		AF2B68681EC2919C004AB153 /* Products */ = {
			isa = PBXGroup;
			children = (
				AF2B68671EC2919C004AB153 /* tipster.app */,
				AF2B687B1EC2919D004AB153 /* tipsterTests.xctest */,
				AF2B68861EC2919D004AB153 /* tipsterUITests.xctest */,
			);
			name = Products;
			sourceTree = "<group>";
		};
		AF2B68691EC2919C004AB153 /* tipster */ = {
			isa = PBXGroup;
			children = (
				AF2B686A1EC2919C004AB153 /* AppDelegate.swift */,
				AF2B686C1EC2919C004AB153 /* ViewController.swift */,
				AF2B686E1EC2919C004AB153 /* Main.storyboard */,
				AF2B68711EC2919C004AB153 /* Assets.xcassets */,
				AF2B68731EC2919C004AB153 /* LaunchScreen.storyboard */,
				AF2B68761EC2919C004AB153 /* Info.plist */,
			);
			path = tipster;
			sourceTree = "<group>";
		};
		AF2B687E1EC2919D004AB153 /* tipsterTests */ = {
			isa = PBXGroup;
			children = (
				AF2B687F1EC2919D004AB153 /* tipsterTests.swift */,
				AF2B68811EC2919D004AB153 /* Info.plist */,
			);
			path = tipsterTests;
			sourceTree = "<group>";
		};
		AF2B68891EC2919D004AB153 /* tipsterUITests */ = {
			isa = PBXGroup;
			children = (
				AF2B688A1EC2919D004AB153 /* tipsterUITests.swift */,
				AF2B688C1EC2919D004AB153 /* Info.plist */,
			);
			path = tipsterUITests;
			sourceTree = "<group>";
		};
/* End PBXGroup section */

/* Begin PBXNativeTarget section */
		AF2B68661EC2919C004AB153 /* tipster */ = {
			isa = PBXNativeTarget;
			buildConfigurationList = AF2B688F1EC2919D004AB153 /* Build configuration list for PBXNativeTarget "tipster" */;
			buildPhases = (
				AF2B68631EC2919C004AB153 /* Sources */,
				AF2B68641EC2919C004AB153 /* Frameworks */,
				AF2B68651EC2919C004AB153 /* Resources */,
			);
			buildRules = (
			);
			dependencies = (
			);
			name = tipster;
			productName = tipster;
			productReference = AF2B68671EC2919C004AB153 /* tipster.app */;
			productType = "com.apple.product-type.application";
		};
		AF2B687A1EC2919D004AB153 /* tipsterTests */ = {
			isa = PBXNativeTarget;
			buildConfigurationList = AF2B68921EC2919D004AB153 /* Build configuration list for PBXNativeTarget "tipsterTests" */;
			buildPhases = (
				AF2B68771EC2919D004AB153 /* Sources */,
				AF2B68781EC2919D004AB153 /* Frameworks */,
				AF2B68791EC2919D004AB153 /* Resources */,
			);
			buildRules = (
			);
			dependencies = (
				AF2B687D1EC2919D004AB153 /* PBXTargetDependency */,
			);
			name = tipsterTests;
			productName = tipsterTests;
			productReference = AF2B687B1EC2919D004AB153 /* tipsterTests.xctest */;
			productType = "com.apple.product-type.bundle.unit-test";
		};
		AF2B68851EC2919D004AB153 /* tipsterUITests */ = {
			isa = PBXNativeTarget;
			buildConfigurationList = AF2B68951EC2919D004AB153 /* Build configuration list for PBXNativeTarget "tipsterUITests" */;
			buildPhases = (
				AF2B68821EC2919D004AB153 /* Sources */,
				AF2B68831EC2919D004AB153 /* Frameworks */,
				AF2B68841EC2919D004AB153 /* Resources */,
			);
			buildRules = (
			);
			dependencies = (
				AF2B68881EC2919D004AB153 /* PBXTargetDependency */,
			);
			name = tipsterUITests;
			productName = tipsterUITests;
			productReference = AF2B68861EC2919D004AB153 /* tipsterUITests.xctest */;
			productType = "com.apple.product-type.bundle.ui-testing";
		};
/* End PBXNativeTarget section */

/* Begin PBXProject section */
		AF2B685F1EC2919C004AB153 /* Project object */ = {
			isa = PBXProject;
			attributes = {
				LastSwiftUpdateCheck = 0830;
				LastUpgradeCheck = 0830;
				ORGANIZATIONNAME = "Jeffrey Kwok";
				TargetAttributes = {
					AF2B68661EC2919C004AB153 = {
						CreatedOnToolsVersion = 8.3.2;
						ProvisioningStyle = Automatic;
					};
					AF2B687A1EC2919D004AB153 = {
						CreatedOnToolsVersion = 8.3.2;
						ProvisioningStyle = Automatic;
						TestTargetID = AF2B68661EC2919C004AB153;
					};
					AF2B68851EC2919D004AB153 = {
						CreatedOnToolsVersion = 8.3.2;
						ProvisioningStyle = Automatic;
						TestTargetID = AF2B68661EC2919C004AB153;
					};
				};
			};
			buildConfigurationList = AF2B68621EC2919C004AB153 /* Build configuration list for PBXProject "tipster" */;
			compatibilityVersion = "Xcode 3.2";
			developmentRegion = English;
			hasScannedForEncodings = 0;
			knownRegions = (
				en,
				Base,
			);
			mainGroup = AF2B685E1EC2919C004AB153;
			productRefGroup = AF2B68681EC2919C004AB153 /* Products */;
			projectDirPath = "";
			projectRoot = "";
			targets = (
				AF2B68661EC2919C004AB153 /* tipster */,
				AF2B687A1EC2919D004AB153 /* tipsterTests */,
				AF2B68851EC2919D004AB153 /* tipsterUITests */,
			);
		};
/* End PBXProject section */

/* Begin PBXResourcesBuildPhase section */
		AF2B68651EC2919C004AB153 /* Resources */ = {
			isa = PBXResourcesBuildPhase;
			buildActionMask = 2147483647;
			files = (
				AF2B68751EC2919C004AB153 /* LaunchScreen.storyboard in Resources */,
				AF2B68721EC2919C004AB153 /* Assets.xcassets in Resources */,
				AF2B68701EC2919C004AB153 /* Main.storyboard in Resources */,
			);
			runOnlyForDeploymentPostprocessing = 0;
		};
		AF2B68791EC2919D004AB153 /* Resources */ = {
			isa = PBXResourcesBuildPhase;
			buildActionMask = 2147483647;
			files = (
			);
			runOnlyForDeploymentPostprocessing = 0;
		};
		AF2B68841EC2919D004AB153 /* Resources */ = {
			isa = PBXResourcesBuildPhase;
			buildActionMask = 2147483647;
			files = (
			);
			runOnlyForDeploymentPostprocessing = 0;
		};
/* End PBXResourcesBuildPhase section */

/* Begin PBXSourcesBuildPhase section */
		AF2B68631EC2919C004AB153 /* Sources */ = {
			isa = PBXSourcesBuildPhase;
			buildActionMask = 2147483647;
			files = (
				AF2B686D1EC2919C004AB153 /* ViewController.swift in Sources */,
				AF2B686B1EC2919C004AB153 /* AppDelegate.swift in Sources */,
			);
			runOnlyForDeploymentPostprocessing = 0;
		};
		AF2B68771EC2919D004AB153 /* Sources */ = {
			isa = PBXSourcesBuildPhase;
			buildActionMask = 2147483647;
			files = (
				AF2B68801EC2919D004AB153 /* tipsterTests.swift in Sources */,
			);
			runOnlyForDeploymentPostprocessing = 0;
		};
		AF2B68821EC2919D004AB153 /* Sources */ = {
			isa = PBXSourcesBuildPhase;
			buildActionMask = 2147483647;
			files = (
				AF2B688B1EC2919D004AB153 /* tipsterUITests.swift in Sources */,
			);
			runOnlyForDeploymentPostprocessing = 0;
		};
/* End PBXSourcesBuildPhase section */

/* Begin PBXTargetDependency section */
		AF2B687D1EC2919D004AB153 /* PBXTargetDependency */ = {
			isa = PBXTargetDependency;
			target = AF2B68661EC2919C004AB153 /* tipster */;
			targetProxy = AF2B687C1EC2919D004AB153 /* PBXContainerItemProxy */;
		};
		AF2B68881EC2919D004AB153 /* PBXTargetDependency */ = {
			isa = PBXTargetDependency;
			target = AF2B68661EC2919C004AB153 /* tipster */;
			targetProxy = AF2B68871EC2919D004AB153 /* PBXContainerItemProxy */;
		};
/* End PBXTargetDependency section */

/* Begin PBXVariantGroup section */
		AF2B686E1EC2919C004AB153 /* Main.storyboard */ = {
			isa = PBXVariantGroup;
			children = (
				AF2B686F1EC2919C004AB153 /* Base */,
			);
			name = Main.storyboard;
			sourceTree = "<group>";
		};
		AF2B68731EC2919C004AB153 /* LaunchScreen.storyboard */ = {
			isa = PBXVariantGroup;
			children = (
				AF2B68741EC2919C004AB153 /* Base */,
			);
			name = LaunchScreen.storyboard;
			sourceTree = "<group>";
		};
/* End PBXVariantGroup section */

/* Begin XCBuildConfiguration section */
		AF2B688D1EC2919D004AB153 /* Debug */ = {
			isa = XCBuildConfiguration;
			buildSettings = {
				ALWAYS_SEARCH_USER_PATHS = NO;
				CLANG_ANALYZER_NONNULL = YES;
				CLANG_ANALYZER_NUMBER_OBJECT_CONVERSION = YES_AGGRESSIVE;
				CLANG_CXX_LANGUAGE_STANDARD = "gnu++0x";
				CLANG_CXX_LIBRARY = "libc++";
				CLANG_ENABLE_MODULES = YES;
				CLANG_ENABLE_OBJC_ARC = YES;
				CLANG_WARN_BOOL_CONVERSION = YES;
				CLANG_WARN_CONSTANT_CONVERSION = YES;
				CLANG_WARN_DIRECT_OBJC_ISA_USAGE = YES_ERROR;
				CLANG_WARN_DOCUMENTATION_COMMENTS = YES;
				CLANG_WARN_EMPTY_BODY = YES;
				CLANG_WARN_ENUM_CONVERSION = YES;
				CLANG_WARN_INFINITE_RECURSION = YES;
				CLANG_WARN_INT_CONVERSION = YES;
				CLANG_WARN_OBJC_ROOT_CLASS = YES_ERROR;
				CLANG_WARN_SUSPICIOUS_MOVE = YES;
				CLANG_WARN_UNREACHABLE_CODE = YES;
				CLANG_WARN__DUPLICATE_METHOD_MATCH = YES;
				"CODE_SIGN_IDENTITY[sdk=iphoneos*]" = "iPhone Developer";
				COPY_PHASE_STRIP = NO;
				DEBUG_INFORMATION_FORMAT = dwarf;
				ENABLE_STRICT_OBJC_MSGSEND = YES;
				ENABLE_TESTABILITY = YES;
				GCC_C_LANGUAGE_STANDARD = gnu99;
				GCC_DYNAMIC_NO_PIC = NO;
				GCC_NO_COMMON_BLOCKS = YES;
				GCC_OPTIMIZATION_LEVEL = 0;
				GCC_PREPROCESSOR_DEFINITIONS = (
					"DEBUG=1",
					"$(inherited)",
				);
				GCC_WARN_64_TO_32_BIT_CONVERSION = YES;
				GCC_WARN_ABOUT_RETURN_TYPE = YES_ERROR;
				GCC_WARN_UNDECLARED_SELECTOR = YES;
				GCC_WARN_UNINITIALIZED_AUTOS = YES_AGGRESSIVE;
				GCC_WARN_UNUSED_FUNCTION = YES;
				GCC_WARN_UNUSED_VARIABLE = YES;
				IPHONEOS_DEPLOYMENT_TARGET = 10.3;
				MTL_ENABLE_DEBUG_INFO = YES;
				ONLY_ACTIVE_ARCH = YES;
				SDKROOT = iphoneos;
				SWIFT_ACTIVE_COMPILATION_CONDITIONS = DEBUG;
				SWIFT_OPTIMIZATION_LEVEL = "-Onone";
				TARGETED_DEVICE_FAMILY = "1,2";
			};
			name = Debug;
		};
		AF2B688E1EC2919D004AB153 /* Release */ = {
			isa = XCBuildConfiguration;
			buildSettings = {
				ALWAYS_SEARCH_USER_PATHS = NO;
				CLANG_ANALYZER_NONNULL = YES;
				CLANG_ANALYZER_NUMBER_OBJECT_CONVERSION = YES_AGGRESSIVE;
				CLANG_CXX_LANGUAGE_STANDARD = "gnu++0x";
				CLANG_CXX_LIBRARY = "libc++";
				CLANG_ENABLE_MODULES = YES;
				CLANG_ENABLE_OBJC_ARC = YES;
				CLANG_WARN_BOOL_CONVERSION = YES;
				CLANG_WARN_CONSTANT_CONVERSION = YES;
				CLANG_WARN_DIRECT_OBJC_ISA_USAGE = YES_ERROR;
				CLANG_WARN_DOCUMENTATION_COMMENTS = YES;
				CLANG_WARN_EMPTY_BODY = YES;
				CLANG_WARN_ENUM_CONVERSION = YES;
				CLANG_WARN_INFINITE_RECURSION = YES;
				CLANG_WARN_INT_CONVERSION = YES;
				CLANG_WARN_OBJC_ROOT_CLASS = YES_ERROR;
				CLANG_WARN_SUSPICIOUS_MOVE = YES;
				CLANG_WARN_UNREACHABLE_CODE = YES;
				CLANG_WARN__DUPLICATE_METHOD_MATCH = YES;
				"CODE_SIGN_IDENTITY[sdk=iphoneos*]" = "iPhone Developer";
				COPY_PHASE_STRIP = NO;
				DEBUG_INFORMATION_FORMAT = "dwarf-with-dsym";
				ENABLE_NS_ASSERTIONS = NO;
				ENABLE_STRICT_OBJC_MSGSEND = YES;
				GCC_C_LANGUAGE_STANDARD = gnu99;
				GCC_NO_COMMON_BLOCKS = YES;
				GCC_WARN_64_TO_32_BIT_CONVERSION = YES;
				GCC_WARN_ABOUT_RETURN_TYPE = YES_ERROR;
				GCC_WARN_UNDECLARED_SELECTOR = YES;
				GCC_WARN_UNINITIALIZED_AUTOS = YES_AGGRESSIVE;
				GCC_WARN_UNUSED_FUNCTION = YES;
				GCC_WARN_UNUSED_VARIABLE = YES;
				IPHONEOS_DEPLOYMENT_TARGET = 10.3;
				MTL_ENABLE_DEBUG_INFO = NO;
				SDKROOT = iphoneos;
				SWIFT_OPTIMIZATION_LEVEL = "-Owholemodule";
				TARGETED_DEVICE_FAMILY = "1,2";
				VALIDATE_PRODUCT = YES;
			};
			name = Release;
		};
		AF2B68901EC2919D004AB153 /* Debug */ = {
			isa = XCBuildConfiguration;
			buildSettings = {
				ASSETCATALOG_COMPILER_APPICON_NAME = AppIcon;
				INFOPLIST_FILE = tipster/Info.plist;
				LD_RUNPATH_SEARCH_PATHS = "$(inherited) @executable_path/Frameworks";
				PRODUCT_BUNDLE_IDENTIFIER = com.jeffreykwok.tipster;
				PRODUCT_NAME = "$(TARGET_NAME)";
				SWIFT_VERSION = 3.0;
			};
			name = Debug;
		};
		AF2B68911EC2919D004AB153 /* Release */ = {
			isa = XCBuildConfiguration;
			buildSettings = {
				ASSETCATALOG_COMPILER_APPICON_NAME = AppIcon;
				INFOPLIST_FILE = tipster/Info.plist;
				LD_RUNPATH_SEARCH_PATHS = "$(inherited) @executable_path/Frameworks";
				PRODUCT_BUNDLE_IDENTIFIER = com.jeffreykwok.tipster;
				PRODUCT_NAME = "$(TARGET_NAME)";
				SWIFT_VERSION = 3.0;
			};
			name = Release;
		};
		AF2B68931EC2919D004AB153 /* Debug */ = {
			isa = XCBuildConfiguration;
			buildSettings = {
				ALWAYS_EMBED_SWIFT_STANDARD_LIBRARIES = YES;
				BUNDLE_LOADER = "$(TEST_HOST)";
				INFOPLIST_FILE = tipsterTests/Info.plist;
				LD_RUNPATH_SEARCH_PATHS = "$(inherited) @executable_path/Frameworks @loader_path/Frameworks";
				PRODUCT_BUNDLE_IDENTIFIER = com.jeffreykwok.tipsterTests;
				PRODUCT_NAME = "$(TARGET_NAME)";
				SWIFT_VERSION = 3.0;
				TEST_HOST = "$(BUILT_PRODUCTS_DIR)/tipster.app/tipster";
			};
			name = Debug;
		};
		AF2B68941EC2919D004AB153 /* Release */ = {
			isa = XCBuildConfiguration;
			buildSettings = {
				ALWAYS_EMBED_SWIFT_STANDARD_LIBRARIES = YES;
				BUNDLE_LOADER = "$(TEST_HOST)";
				INFOPLIST_FILE = tipsterTests/Info.plist;
				LD_RUNPATH_SEARCH_PATHS = "$(inherited) @executable_path/Frameworks @loader_path/Frameworks";
				PRODUCT_BUNDLE_IDENTIFIER = com.jeffreykwok.tipsterTests;
				PRODUCT_NAME = "$(TARGET_NAME)";
				SWIFT_VERSION = 3.0;
				TEST_HOST = "$(BUILT_PRODUCTS_DIR)/tipster.app/tipster";
			};
			name = Release;
		};
		AF2B68961EC2919D004AB153 /* Debug */ = {
			isa = XCBuildConfiguration;
			buildSettings = {
				ALWAYS_EMBED_SWIFT_STANDARD_LIBRARIES = YES;
				INFOPLIST_FILE = tipsterUITests/Info.plist;
				LD_RUNPATH_SEARCH_PATHS = "$(inherited) @executable_path/Frameworks @loader_path/Frameworks";
				PRODUCT_BUNDLE_IDENTIFIER = com.jeffreykwok.tipsterUITests;
				PRODUCT_NAME = "$(TARGET_NAME)";
				SWIFT_VERSION = 3.0;
				TEST_TARGET_NAME = tipster;
			};
			name = Debug;
		};
		AF2B68971EC2919D004AB153 /* Release */ = {
			isa = XCBuildConfiguration;
			buildSettings = {
				ALWAYS_EMBED_SWIFT_STANDARD_LIBRARIES = YES;
				INFOPLIST_FILE = tipsterUITests/Info.plist;
				LD_RUNPATH_SEARCH_PATHS = "$(inherited) @executable_path/Frameworks @loader_path/Frameworks";
				PRODUCT_BUNDLE_IDENTIFIER = com.jeffreykwok.tipsterUITests;
				PRODUCT_NAME = "$(TARGET_NAME)";
				SWIFT_VERSION = 3.0;
				TEST_TARGET_NAME = tipster;
			};
			name = Release;
		};
/* End XCBuildConfiguration section */

/* Begin XCConfigurationList section */
		AF2B68621EC2919C004AB153 /* Build configuration list for PBXProject "tipster" */ = {
			isa = XCConfigurationList;
			buildConfigurations = (
				AF2B688D1EC2919D004AB153 /* Debug */,
				AF2B688E1EC2919D004AB153 /* Release */,
			);
			defaultConfigurationIsVisible = 0;
			defaultConfigurationName = Release;
		};
		AF2B688F1EC2919D004AB153 /* Build configuration list for PBXNativeTarget "tipster" */ = {
			isa = XCConfigurationList;
			buildConfigurations = (
				AF2B68901EC2919D004AB153 /* Debug */,
				AF2B68911EC2919D004AB153 /* Release */,
			);
			defaultConfigurationIsVisible = 0;
		};
		AF2B68921EC2919D004AB153 /* Build configuration list for PBXNativeTarget "tipsterTests" */ = {
			isa = XCConfigurationList;
			buildConfigurations = (
				AF2B68931EC2919D004AB153 /* Debug */,
				AF2B68941EC2919D004AB153 /* Release */,
			);
			defaultConfigurationIsVisible = 0;
		};
		AF2B68951EC2919D004AB153 /* Build configuration list for PBXNativeTarget "tipsterUITests" */ = {
			isa = XCConfigurationList;
			buildConfigurations = (
				AF2B68961EC2919D004AB153 /* Debug */,
				AF2B68971EC2919D004AB153 /* Release */,
			);
			defaultConfigurationIsVisible = 0;
		};
/* End XCConfigurationList section */
	};
	rootObject = AF2B685F1EC2919C004AB153 /* Project object */;
}
